
Microsoft Visual Studio Solution File, Format Version 12.00
# Visual Studio Version 16
VisualStudioVersion = 16.0.30523.141
MinimumVisualStudioVersion = 10.0.40219.1
Project("{FAE04EC0-301F-11D3-BF4B-00C04F79EFBC}") = "HWS_SwitchUserDetect", "HWS_SwitchUserDetect\HWS_SwitchUserDetect.csproj", "{5462FF7B-C5D5-4975-92AC-505E3E74C83B}"
EndProject
Global
	GlobalSection(SolutionConfigurationPlatforms) = preSolution
		Debug|Any CPU = Debug|Any CPU
		Release|Any CPU = Release|Any CPU
	EndGlobalSection
	GlobalSection(ProjectConfigurationPlatforms) = postSolution
		{5462FF7B-C5D5-4975-92AC-505E3E74C83B}.Debug|Any CPU.ActiveCfg = Debug|Any CPU
		{5462FF7B-C5D5-4975-92AC-505E3E74C83B}.Debug|Any CPU.Build.0 = Debug|Any CPU
		{5462FF7B-C5D5-4975-92AC-505E3E74C83B}.Release|Any CPU.ActiveCfg = Release|Any CPU
		{5462FF7B-C5D5-4975-92AC-505E3E74C83B}.Release|Any CPU.Build.0 = Release|Any CPU
	EndGlobalSection
	GlobalSection(SolutionProperties) = preSolution
		HideSolutionNode = FALSE
	EndGlobalSection
	GlobalSection(ExtensibilityGlobals) = postSolution
		SolutionGuid = {61C5DA20-762F-4DF2-A982-12B54714BCFD}
	EndGlobalSection
EndGlobal
